
Microsoft Visual Studio Solution File, Format Version 12.00
# Visual Studio Version 16
VisualStudioVersion = 16.0.31229.75
MinimumVisualStudioVersion = 10.0.40219.1
Project("{FAE04EC0-301F-11D3-BF4B-00C04F79EFBC}") = "ClassMetotDemo", "ClassMetotDemo\ClassMetotDemo.csproj", "{DCC43BFF-FDEE-4A88-9E48-D2E26C3FB701}"
EndProject
Global
	GlobalSection(SolutionConfigurationPlatforms) = preSolution
		Debug|Any CPU = Debug|Any CPU
		Release|Any CPU = Release|Any CPU
	EndGlobalSection
	GlobalSection(ProjectConfigurationPlatforms) = postSolution
		{DCC43BFF-FDEE-4A88-9E48-D2E26C3FB701}.Debug|Any CPU.ActiveCfg = Debug|Any CPU
		{DCC43BFF-FDEE-4A88-9E48-D2E26C3FB701}.Debug|Any CPU.Build.0 = Debug|Any CPU
		{DCC43BFF-FDEE-4A88-9E48-D2E26C3FB701}.Release|Any CPU.ActiveCfg = Release|Any CPU
		{DCC43BFF-FDEE-4A88-9E48-D2E26C3FB701}.Release|Any CPU.Build.0 = Release|Any CPU
	EndGlobalSection
	GlobalSection(SolutionProperties) = preSolution
		HideSolutionNode = FALSE
	EndGlobalSection
	GlobalSection(ExtensibilityGlobals) = postSolution
		SolutionGuid = {81978FC2-A962-4C46-8E85-734C1A7776F3}
	EndGlobalSection
EndGlobal
